
Microsoft Visual Studio Solution File, Format Version 12.00
# Visual Studio 15
VisualStudioVersion = 15.0.26124.0
MinimumVisualStudioVersion = 15.0.26124.0
Project("{FAE04EC0-301F-11D3-BF4B-00C04F79EFBC}") = "Domain", "Domain\Domain.csproj", "{51F63FA1-B5C5-4D1C-9647-24AF92C16D3C}"
EndProject
Project("{FAE04EC0-301F-11D3-BF4B-00C04F79EFBC}") = "Application", "Application\Application.csproj", "{FF99C55C-0CFD-46D8-AC14-FCDC6C314A08}"
EndProject
Project("{FAE04EC0-301F-11D3-BF4B-00C04F79EFBC}") = "Api", "Api\Api.csproj", "{8191930C-ABE9-4FE4-8511-64BC663F627A}"
EndProject
Project("{FAE04EC0-301F-11D3-BF4B-00C04F79EFBC}") = "Persistence", "Persistence\Persistence.csproj", "{93D8B0D3-02A8-401A-B961-BC457B58A1BA}"
EndProject
Project("{FAE04EC0-301F-11D3-BF4B-00C04F79EFBC}") = "Infrastructure", "Infrastructure\Infrastructure.csproj", "{26A289E4-A272-4277-9B3D-9F609B43AC91}"
EndProject
Global
	GlobalSection(SolutionConfigurationPlatforms) = preSolution
		Debug|Any CPU = Debug|Any CPU
		Debug|x64 = Debug|x64
		Debug|x86 = Debug|x86
		Release|Any CPU = Release|Any CPU
		Release|x64 = Release|x64
		Release|x86 = Release|x86
	EndGlobalSection
	GlobalSection(SolutionProperties) = preSolution
		HideSolutionNode = FALSE
	EndGlobalSection
	GlobalSection(ProjectConfigurationPlatforms) = postSolution
		{51F63FA1-B5C5-4D1C-9647-24AF92C16D3C}.Debug|Any CPU.ActiveCfg = Debug|Any CPU
		{51F63FA1-B5C5-4D1C-9647-24AF92C16D3C}.Debug|Any CPU.Build.0 = Debug|Any CPU
		{51F63FA1-B5C5-4D1C-9647-24AF92C16D3C}.Debug|x64.ActiveCfg = Debug|Any CPU
		{51F63FA1-B5C5-4D1C-9647-24AF92C16D3C}.Debug|x64.Build.0 = Debug|Any CPU
		{51F63FA1-B5C5-4D1C-9647-24AF92C16D3C}.Debug|x86.ActiveCfg = Debug|Any CPU
		{51F63FA1-B5C5-4D1C-9647-24AF92C16D3C}.Debug|x86.Build.0 = Debug|Any CPU
		{51F63FA1-B5C5-4D1C-9647-24AF92C16D3C}.Release|Any CPU.ActiveCfg = Release|Any CPU
		{51F63FA1-B5C5-4D1C-9647-24AF92C16D3C}.Release|Any CPU.Build.0 = Release|Any CPU
		{51F63FA1-B5C5-4D1C-9647-24AF92C16D3C}.Release|x64.ActiveCfg = Release|Any CPU
		{51F63FA1-B5C5-4D1C-9647-24AF92C16D3C}.Release|x64.Build.0 = Release|Any CPU
		{51F63FA1-B5C5-4D1C-9647-24AF92C16D3C}.Release|x86.ActiveCfg = Release|Any CPU
		{51F63FA1-B5C5-4D1C-9647-24AF92C16D3C}.Release|x86.Build.0 = Release|Any CPU
		{FF99C55C-0CFD-46D8-AC14-FCDC6C314A08}.Debug|Any CPU.ActiveCfg = Debug|Any CPU
		{FF99C55C-0CFD-46D8-AC14-FCDC6C314A08}.Debug|Any CPU.Build.0 = Debug|Any CPU
		{FF99C55C-0CFD-46D8-AC14-FCDC6C314A08}.Debug|x64.ActiveCfg = Debug|Any CPU
		{FF99C55C-0CFD-46D8-AC14-FCDC6C314A08}.Debug|x64.Build.0 = Debug|Any CPU
		{FF99C55C-0CFD-46D8-AC14-FCDC6C314A08}.Debug|x86.ActiveCfg = Debug|Any CPU
		{FF99C55C-0CFD-46D8-AC14-FCDC6C314A08}.Debug|x86.Build.0 = Debug|Any CPU
		{FF99C55C-0CFD-46D8-AC14-FCDC6C314A08}.Release|Any CPU.ActiveCfg = Release|Any CPU
		{FF99C55C-0CFD-46D8-AC14-FCDC6C314A08}.Release|Any CPU.Build.0 = Release|Any CPU
		{FF99C55C-0CFD-46D8-AC14-FCDC6C314A08}.Release|x64.ActiveCfg = Release|Any CPU
		{FF99C55C-0CFD-46D8-AC14-FCDC6C314A08}.Release|x64.Build.0 = Release|Any CPU
		{FF99C55C-0CFD-46D8-AC14-FCDC6C314A08}.Release|x86.ActiveCfg = Release|Any CPU
		{FF99C55C-0CFD-46D8-AC14-FCDC6C314A08}.Release|x86.Build.0 = Release|Any CPU
		{8191930C-ABE9-4FE4-8511-64BC663F627A}.Debug|Any CPU.ActiveCfg = Debug|Any CPU
		{8191930C-ABE9-4FE4-8511-64BC663F627A}.Debug|Any CPU.Build.0 = Debug|Any CPU
		{8191930C-ABE9-4FE4-8511-64BC663F627A}.Debug|x64.ActiveCfg = Debug|Any CPU
		{8191930C-ABE9-4FE4-8511-64BC663F627A}.Debug|x64.Build.0 = Debug|Any CPU
		{8191930C-ABE9-4FE4-8511-64BC663F627A}.Debug|x86.ActiveCfg = Debug|Any CPU
		{8191930C-ABE9-4FE4-8511-64BC663F627A}.Debug|x86.Build.0 = Debug|Any CPU
		{8191930C-ABE9-4FE4-8511-64BC663F627A}.Release|Any CPU.ActiveCfg = Release|Any CPU
		{8191930C-ABE9-4FE4-8511-64BC663F627A}.Release|Any CPU.Build.0 = Release|Any CPU
		{8191930C-ABE9-4FE4-8511-64BC663F627A}.Release|x64.ActiveCfg = Release|Any CPU
		{8191930C-ABE9-4FE4-8511-64BC663F627A}.Release|x64.Build.0 = Release|Any CPU
		{8191930C-ABE9-4FE4-8511-64BC663F627A}.Release|x86.ActiveCfg = Release|Any CPU
		{8191930C-ABE9-4FE4-8511-64BC663F627A}.Release|x86.Build.0 = Release|Any CPU
		{93D8B0D3-02A8-401A-B961-BC457B58A1BA}.Debug|Any CPU.ActiveCfg = Debug|Any CPU
		{93D8B0D3-02A8-401A-B961-BC457B58A1BA}.Debug|Any CPU.Build.0 = Debug|Any CPU
		{93D8B0D3-02A8-401A-B961-BC457B58A1BA}.Debug|x64.ActiveCfg = Debug|Any CPU
		{93D8B0D3-02A8-401A-B961-BC457B58A1BA}.Debug|x64.Build.0 = Debug|Any CPU
		{93D8B0D3-02A8-401A-B961-BC457B58A1BA}.Debug|x86.ActiveCfg = Debug|Any CPU
		{93D8B0D3-02A8-401A-B961-BC457B58A1BA}.Debug|x86.Build.0 = Debug|Any CPU
		{93D8B0D3-02A8-401A-B961-BC457B58A1BA}.Release|Any CPU.ActiveCfg = Release|Any CPU
		{93D8B0D3-02A8-401A-B961-BC457B58A1BA}.Release|Any CPU.Build.0 = Release|Any CPU
		{93D8B0D3-02A8-401A-B961-BC457B58A1BA}.Release|x64.ActiveCfg = Release|Any CPU
		{93D8B0D3-02A8-401A-B961-BC457B58A1BA}.Release|x64.Build.0 = Release|Any CPU
		{93D8B0D3-02A8-401A-B961-BC457B58A1BA}.Release|x86.ActiveCfg = Release|Any CPU
		{93D8B0D3-02A8-401A-B961-BC457B58A1BA}.Release|x86.Build.0 = Release|Any CPU
		{26A289E4-A272-4277-9B3D-9F609B43AC91}.Debug|Any CPU.ActiveCfg = Debug|Any CPU
		{26A289E4-A272-4277-9B3D-9F609B43AC91}.Debug|Any CPU.Build.0 = Debug|Any CPU
		{26A289E4-A272-4277-9B3D-9F609B43AC91}.Debug|x64.ActiveCfg = Debug|Any CPU
		{26A289E4-A272-4277-9B3D-9F609B43AC91}.Debug|x64.Build.0 = Debug|Any CPU
		{26A289E4-A272-4277-9B3D-9F609B43AC91}.Debug|x86.ActiveCfg = Debug|Any CPU
		{26A289E4-A272-4277-9B3D-9F609B43AC91}.Debug|x86.Build.0 = Debug|Any CPU
		{26A289E4-A272-4277-9B3D-9F609B43AC91}.Release|Any CPU.ActiveCfg = Release|Any CPU
		{26A289E4-A272-4277-9B3D-9F609B43AC91}.Release|Any CPU.Build.0 = Release|Any CPU
		{26A289E4-A272-4277-9B3D-9F609B43AC91}.Release|x64.ActiveCfg = Release|Any CPU
		{26A289E4-A272-4277-9B3D-9F609B43AC91}.Release|x64.Build.0 = Release|Any CPU
		{26A289E4-A272-4277-9B3D-9F609B43AC91}.Release|x86.ActiveCfg = Release|Any CPU
		{26A289E4-A272-4277-9B3D-9F609B43AC91}.Release|x86.Build.0 = Release|Any CPU
	EndGlobalSection
EndGlobal
